
Microsoft Visual Studio Solution File, Format Version 12.00
# Visual Studio 15
VisualStudioVersion = 15.0.28307.539
MinimumVisualStudioVersion = 10.0.40219.1
Project("{FAE04EC0-301F-11D3-BF4B-00C04F79EFBC}") = "GuiaPractica6MC", "GuiaPractica6MC\GuiaPractica6MC.csproj", "{AEF3AFF6-E707-47C5-AB75-54627A308E6D}"
EndProject
Global
	GlobalSection(SolutionConfigurationPlatforms) = preSolution
		Debug|Any CPU = Debug|Any CPU
		Release|Any CPU = Release|Any CPU
	EndGlobalSection
	GlobalSection(ProjectConfigurationPlatforms) = postSolution
		{AEF3AFF6-E707-47C5-AB75-54627A308E6D}.Debug|Any CPU.ActiveCfg = Debug|Any CPU
		{AEF3AFF6-E707-47C5-AB75-54627A308E6D}.Debug|Any CPU.Build.0 = Debug|Any CPU
		{AEF3AFF6-E707-47C5-AB75-54627A308E6D}.Release|Any CPU.ActiveCfg = Release|Any CPU
		{AEF3AFF6-E707-47C5-AB75-54627A308E6D}.Release|Any CPU.Build.0 = Release|Any CPU
	EndGlobalSection
	GlobalSection(SolutionProperties) = preSolution
		HideSolutionNode = FALSE
	EndGlobalSection
	GlobalSection(ExtensibilityGlobals) = postSolution
		SolutionGuid = {558FB335-7945-4C26-A322-1E30EC65F89F}
	EndGlobalSection
EndGlobal
